
Microsoft Visual Studio Solution File, Format Version 12.00
# Visual Studio 15
VisualStudioVersion = 15.0.28307.1082
MinimumVisualStudioVersion = 10.0.40219.1
Project("{FAE04EC0-301F-11D3-BF4B-00C04F79EFBC}") = "Veiculos", "Veiculos\Veiculos.csproj", "{419B31C1-C453-4B96-BCCD-89329A2069FB}"
EndProject
Global
	GlobalSection(SolutionConfigurationPlatforms) = preSolution
		Debug|Any CPU = Debug|Any CPU
		Release|Any CPU = Release|Any CPU
	EndGlobalSection
	GlobalSection(ProjectConfigurationPlatforms) = postSolution
		{419B31C1-C453-4B96-BCCD-89329A2069FB}.Debug|Any CPU.ActiveCfg = Debug|Any CPU
		{419B31C1-C453-4B96-BCCD-89329A2069FB}.Debug|Any CPU.Build.0 = Debug|Any CPU
		{419B31C1-C453-4B96-BCCD-89329A2069FB}.Release|Any CPU.ActiveCfg = Release|Any CPU
		{419B31C1-C453-4B96-BCCD-89329A2069FB}.Release|Any CPU.Build.0 = Release|Any CPU
	EndGlobalSection
	GlobalSection(SolutionProperties) = preSolution
		HideSolutionNode = FALSE
	EndGlobalSection
	GlobalSection(ExtensibilityGlobals) = postSolution
		SolutionGuid = {D76513F6-CD31-4526-9104-1AB645C42A4E}
	EndGlobalSection
EndGlobal
